{
  "originHash" : "fb6ef04e27e8de9044ded25cc82344d6710e13082415ac98e8c86548af2726df",
  "pins" : [
    {
      "identity" : "assertiontoolkit",
      "kind" : "remoteSourceControl",
      "location" : "https://github.com/jeremyabannister/AssertionToolkit",
      "state" : {
        "revision" : "5e81b8b5bdcc1f35a0dacb267bc34f1ad8865a50",
        "version" : "0.1.3"
      }
    },
    {
      "identity" : "distincttype-package",
      "kind" : "remoteSourceControl",
      "location" : "https://github.com/jeremyabannister/DistinctType-package",
      "state" : {
        "revision" : "d00890046a94c1f47e8360ef9c8e0a963a3f3ca8",
        "version" : "0.1.2"
      }
    },
    {
      "identity" : "errormessage-package",
      "kind" : "remoteSourceControl",
      "location" : "https://github.com/jeremyabannister/ErrorMessage-package",
      "state" : {
        "revision" : "8d8529f87a220c8958e2c28ec791fa0b1a1cd526",
        "version" : "0.1.2"
      }
    },
    {
      "identity" : "expressionergonomics",
      "kind" : "remoteSourceControl",
      "location" : "https://github.com/jeremyabannister/ExpressionErgonomics",
      "state" : {
        "revision" : "971aef1f396ec1efbc168c03566c69793b517d9c",
        "version" : "0.4.6"
      }
    },
    {
      "identity" : "randomlygeneratable-package",
      "kind" : "remoteSourceControl",
      "location" : "https://github.com/jeremyabannister/RandomlyGeneratable-package",
      "state" : {
        "revision" : "b57bbaee772f7f6b2c1ac4797bc298a2831980fc",
        "version" : "0.1.1"
      }
    },
    {
      "identity" : "xctesttoolkit",
      "kind" : "remoteSourceControl",
      "location" : "https://github.com/jeremyabannister/XCTestToolkit",
      "state" : {
        "revision" : "9acc3db205b6c444ac5cc9591cf3bc277cd13524",
        "version" : "0.2.6"
      }
    }
  ],
  "version" : 3
}
