{
  "originHash" : "ce06c5f754619d3aa47b2349015de729089f3e242ead7526a94fd724e78c0aca",
  "pins" : [
    {
      "identity" : "assertiontoolkit",
      "kind" : "remoteSourceControl",
      "location" : "https://github.com/jeremyabannister/AssertionToolkit",
      "state" : {
        "revision" : "f566c1fbaf5567c8005bfa0b734357900b455e84",
        "version" : "0.1.0"
      }
    },
    {
      "identity" : "distincttype-package",
      "kind" : "remoteSourceControl",
      "location" : "https://github.com/jeremyabannister/DistinctType-package",
      "state" : {
        "revision" : "9f786024204d1ecf948de219003a6ae2ba0a789f",
        "version" : "0.1.0"
      }
    },
    {
      "identity" : "errormessage-package",
      "kind" : "remoteSourceControl",
      "location" : "https://github.com/jeremyabannister/ErrorMessage-package",
      "state" : {
        "revision" : "317e7dbba44dc6e28a4a169975d95e1a5ed5911b",
        "version" : "0.1.0"
      }
    },
    {
      "identity" : "expressionergonomics",
      "kind" : "remoteSourceControl",
      "location" : "https://github.com/jeremyabannister/ExpressionErgonomics",
      "state" : {
        "revision" : "1886e6e82efdc5e6b266428e92cdd60f501f4cdd",
        "version" : "0.4.0"
      }
    },
    {
      "identity" : "randomlygeneratable-package",
      "kind" : "remoteSourceControl",
      "location" : "https://github.com/jeremyabannister/RandomlyGeneratable-package",
      "state" : {
        "revision" : "c8cdcf96f0175ea4f1b7214b758981267229c479",
        "version" : "0.1.0"
      }
    },
    {
      "identity" : "xctesttoolkit",
      "kind" : "remoteSourceControl",
      "location" : "https://github.com/jeremyabannister/XCTestToolkit",
      "state" : {
        "revision" : "da14ae755f67262ae27d863b41a6ac9514f4db98",
        "version" : "0.2.4"
      }
    }
  ],
  "version" : 3
}
